
Microsoft Visual Studio Solution File, Format Version 12.00
# Visual Studio Version 17
VisualStudioVersion = 17.14.36408.4 d17.14
MinimumVisualStudioVersion = 10.0.40219.1
Project("{FAE04EC0-301F-11D3-BF4B-00C04F79EFBC}") = "Inventar", "Inventar\Inventar.csproj", "{5844E941-FDC8-4C95-B6F3-E6EBF82FD524}"
EndProject
Global
	GlobalSection(SolutionConfigurationPlatforms) = preSolution
		Debug|Any CPU = Debug|Any CPU
		Release|Any CPU = Release|Any CPU
	EndGlobalSection
	GlobalSection(ProjectConfigurationPlatforms) = postSolution
		{5844E941-FDC8-4C95-B6F3-E6EBF82FD524}.Debug|Any CPU.ActiveCfg = Debug|Any CPU
		{5844E941-FDC8-4C95-B6F3-E6EBF82FD524}.Debug|Any CPU.Build.0 = Debug|Any CPU
		{5844E941-FDC8-4C95-B6F3-E6EBF82FD524}.Release|Any CPU.ActiveCfg = Release|Any CPU
		{5844E941-FDC8-4C95-B6F3-E6EBF82FD524}.Release|Any CPU.Build.0 = Release|Any CPU
	EndGlobalSection
	GlobalSection(SolutionProperties) = preSolution
		HideSolutionNode = FALSE
	EndGlobalSection
	GlobalSection(ExtensibilityGlobals) = postSolution
		SolutionGuid = {3239EBE2-4A76-4474-9DD1-E82071E08F63}
	EndGlobalSection
EndGlobal
